
Microsoft Visual Studio Solution File, Format Version 12.00
# Visual Studio Version 16
VisualStudioVersion = 16.0.31729.503
MinimumVisualStudioVersion = 10.0.40219.1
Project("{8BC9CEB8-8B4A-11D0-8D11-00A0C91BC942}") = "3sem_lab1", "3sem_lab1.vcxproj", "{63796740-A960-4DFD-A1ED-007D8EEB13DA}"
EndProject
Global
	GlobalSection(SolutionConfigurationPlatforms) = preSolution
		Debug|x64 = Debug|x64
		Debug|x86 = Debug|x86
		Release|x64 = Release|x64
		Release|x86 = Release|x86
	EndGlobalSection
	GlobalSection(ProjectConfigurationPlatforms) = postSolution
		{63796740-A960-4DFD-A1ED-007D8EEB13DA}.Debug|x64.ActiveCfg = Debug|x64
		{63796740-A960-4DFD-A1ED-007D8EEB13DA}.Debug|x64.Build.0 = Debug|x64
		{63796740-A960-4DFD-A1ED-007D8EEB13DA}.Debug|x86.ActiveCfg = Debug|Win32
		{63796740-A960-4DFD-A1ED-007D8EEB13DA}.Debug|x86.Build.0 = Debug|Win32
		{63796740-A960-4DFD-A1ED-007D8EEB13DA}.Release|x64.ActiveCfg = Release|x64
		{63796740-A960-4DFD-A1ED-007D8EEB13DA}.Release|x64.Build.0 = Release|x64
		{63796740-A960-4DFD-A1ED-007D8EEB13DA}.Release|x86.ActiveCfg = Release|Win32
		{63796740-A960-4DFD-A1ED-007D8EEB13DA}.Release|x86.Build.0 = Release|Win32
	EndGlobalSection
	GlobalSection(SolutionProperties) = preSolution
		HideSolutionNode = FALSE
	EndGlobalSection
	GlobalSection(ExtensibilityGlobals) = postSolution
		SolutionGuid = {79DAFABB-88A0-4946-A5C3-5F7C73995673}
	EndGlobalSection
EndGlobal
